
Microsoft Visual Studio Solution File, Format Version 12.00
# Visual Studio Version 16
VisualStudioVersion = 16.0.31624.102
MinimumVisualStudioVersion = 10.0.40219.1
Project("{FAE04EC0-301F-11D3-BF4B-00C04F79EFBC}") = "infofive", "infofive\infofive.csproj", "{EB56405A-7451-4877-8A02-6CA01F7AF3C1}"
EndProject
Global
	GlobalSection(SolutionConfigurationPlatforms) = preSolution
		Debug|Any CPU = Debug|Any CPU
		Release|Any CPU = Release|Any CPU
	EndGlobalSection
	GlobalSection(ProjectConfigurationPlatforms) = postSolution
		{EB56405A-7451-4877-8A02-6CA01F7AF3C1}.Debug|Any CPU.ActiveCfg = Debug|Any CPU
		{EB56405A-7451-4877-8A02-6CA01F7AF3C1}.Debug|Any CPU.Build.0 = Debug|Any CPU
		{EB56405A-7451-4877-8A02-6CA01F7AF3C1}.Release|Any CPU.ActiveCfg = Release|Any CPU
		{EB56405A-7451-4877-8A02-6CA01F7AF3C1}.Release|Any CPU.Build.0 = Release|Any CPU
	EndGlobalSection
	GlobalSection(SolutionProperties) = preSolution
		HideSolutionNode = FALSE
	EndGlobalSection
	GlobalSection(ExtensibilityGlobals) = postSolution
		SolutionGuid = {C995CACE-60B5-4276-A475-F233D54B13E5}
	EndGlobalSection
EndGlobal
